
Microsoft Visual Studio Solution File, Format Version 12.00
# Visual Studio Version 17
VisualStudioVersion = 17.11.35208.52
MinimumVisualStudioVersion = 10.0.40219.1
Project("{FAE04EC0-301F-11D3-BF4B-00C04F79EFBC}") = "Net8.JWTTest", "Net8.JWTTest\Net8.JWTTest.csproj", "{982A4AF6-8173-41FF-A463-F2D076502FC9}"
EndProject
Global
	GlobalSection(SolutionConfigurationPlatforms) = preSolution
		Debug|Any CPU = Debug|Any CPU
		Release|Any CPU = Release|Any CPU
	EndGlobalSection
	GlobalSection(ProjectConfigurationPlatforms) = postSolution
		{982A4AF6-8173-41FF-A463-F2D076502FC9}.Debug|Any CPU.ActiveCfg = Debug|Any CPU
		{982A4AF6-8173-41FF-A463-F2D076502FC9}.Debug|Any CPU.Build.0 = Debug|Any CPU
		{982A4AF6-8173-41FF-A463-F2D076502FC9}.Release|Any CPU.ActiveCfg = Release|Any CPU
		{982A4AF6-8173-41FF-A463-F2D076502FC9}.Release|Any CPU.Build.0 = Release|Any CPU
	EndGlobalSection
	GlobalSection(SolutionProperties) = preSolution
		HideSolutionNode = FALSE
	EndGlobalSection
	GlobalSection(ExtensibilityGlobals) = postSolution
		SolutionGuid = {19538898-8EF4-4B20-B3F8-753B1A669DCF}
	EndGlobalSection
EndGlobal
